// !$*UTF8*$!
{
	archiveVersion = 1;
	classes = {
	};
	objectVersion = 56;
	objects = {

/* Begin PBXBuildFile section */
		371EF1B92B5BA9D800DF0F1E /* SignUpViewController.swift in Sources */ = {isa = PBXBuildFile; fileRef = 371EF1B82B5BA9D800DF0F1E /* SignUpViewController.swift */; };
		371EF1BB2B5BB1C300DF0F1E /* SignInViewController.swift in Sources */ = {isa = PBXBuildFile; fileRef = 371EF1BA2B5BB1C300DF0F1E /* SignInViewController.swift */; };
		371EF1C02B5C1DFA00DF0F1E /* FirebaseAnalytics in Frameworks */ = {isa = PBXBuildFile; productRef = 371EF1BF2B5C1DFA00DF0F1E /* FirebaseAnalytics */; };
		371EF1C22B5C1DFA00DF0F1E /* FirebaseAnalyticsSwift in Frameworks */ = {isa = PBXBuildFile; productRef = 371EF1C12B5C1DFA00DF0F1E /* FirebaseAnalyticsSwift */; };
		371EF1C42B5C1DFA00DF0F1E /* FirebaseAuth in Frameworks */ = {isa = PBXBuildFile; productRef = 371EF1C32B5C1DFA00DF0F1E /* FirebaseAuth */; };
		371EF1C62B5C1DFA00DF0F1E /* FirebaseDatabase in Frameworks */ = {isa = PBXBuildFile; productRef = 371EF1C52B5C1DFA00DF0F1E /* FirebaseDatabase */; };
		371EF1C82B5C1DFA00DF0F1E /* FirebaseDatabaseSwift in Frameworks */ = {isa = PBXBuildFile; productRef = 371EF1C72B5C1DFA00DF0F1E /* FirebaseDatabaseSwift */; };
		371EF1CA2B5C1DFA00DF0F1E /* FirebaseFirestore in Frameworks */ = {isa = PBXBuildFile; productRef = 371EF1C92B5C1DFA00DF0F1E /* FirebaseFirestore */; };
		371EF1CC2B5C1DFA00DF0F1E /* FirebaseFirestoreSwift in Frameworks */ = {isa = PBXBuildFile; productRef = 371EF1CB2B5C1DFA00DF0F1E /* FirebaseFirestoreSwift */; };
		371EF1CE2B5C1DFA00DF0F1E /* FirebaseStorage in Frameworks */ = {isa = PBXBuildFile; productRef = 371EF1CD2B5C1DFA00DF0F1E /* FirebaseStorage */; };
		371EF1D02B5C1FA000DF0F1E /* GoogleService-Info.plist in Resources */ = {isa = PBXBuildFile; fileRef = 371EF1CF2B5C1FA000DF0F1E /* GoogleService-Info.plist */; };
		37A2F87E2B5BA4DF0013F59F /* AppDelegate.swift in Sources */ = {isa = PBXBuildFile; fileRef = 37A2F87D2B5BA4DF0013F59F /* AppDelegate.swift */; };
		37A2F8802B5BA4DF0013F59F /* SceneDelegate.swift in Sources */ = {isa = PBXBuildFile; fileRef = 37A2F87F2B5BA4DF0013F59F /* SceneDelegate.swift */; };
		37A2F8822B5BA4DF0013F59F /* LoginViewController.swift in Sources */ = {isa = PBXBuildFile; fileRef = 37A2F8812B5BA4DF0013F59F /* LoginViewController.swift */; };
		37A2F8852B5BA4DF0013F59F /* Main.storyboard in Resources */ = {isa = PBXBuildFile; fileRef = 37A2F8832B5BA4DF0013F59F /* Main.storyboard */; };
		37A2F8872B5BA4E20013F59F /* Assets.xcassets in Resources */ = {isa = PBXBuildFile; fileRef = 37A2F8862B5BA4E20013F59F /* Assets.xcassets */; };
		37A2F88A2B5BA4E20013F59F /* LaunchScreen.storyboard in Resources */ = {isa = PBXBuildFile; fileRef = 37A2F8882B5BA4E20013F59F /* LaunchScreen.storyboard */; };
/* End PBXBuildFile section */

/* Begin PBXFileReference section */
		371EF1B82B5BA9D800DF0F1E /* SignUpViewController.swift */ = {isa = PBXFileReference; lastKnownFileType = sourcecode.swift; path = SignUpViewController.swift; sourceTree = "<group>"; };
		371EF1BA2B5BB1C300DF0F1E /* SignInViewController.swift */ = {isa = PBXFileReference; lastKnownFileType = sourcecode.swift; path = SignInViewController.swift; sourceTree = "<group>"; };
		371EF1CF2B5C1FA000DF0F1E /* GoogleService-Info.plist */ = {isa = PBXFileReference; fileEncoding = 4; lastKnownFileType = text.plist.xml; path = "GoogleService-Info.plist"; sourceTree = "<group>"; };
		37A2F87A2B5BA4DF0013F59F /* TikTok-Clone.app */ = {isa = PBXFileReference; explicitFileType = wrapper.application; includeInIndex = 0; path = "TikTok-Clone.app"; sourceTree = BUILT_PRODUCTS_DIR; };
		37A2F87D2B5BA4DF0013F59F /* AppDelegate.swift */ = {isa = PBXFileReference; lastKnownFileType = sourcecode.swift; path = AppDelegate.swift; sourceTree = "<group>"; };
		37A2F87F2B5BA4DF0013F59F /* SceneDelegate.swift */ = {isa = PBXFileReference; lastKnownFileType = sourcecode.swift; path = SceneDelegate.swift; sourceTree = "<group>"; };
		37A2F8812B5BA4DF0013F59F /* LoginViewController.swift */ = {isa = PBXFileReference; lastKnownFileType = sourcecode.swift; path = LoginViewController.swift; sourceTree = "<group>"; };
		37A2F8842B5BA4DF0013F59F /* Base */ = {isa = PBXFileReference; lastKnownFileType = file.storyboard; name = Base; path = Base.lproj/Main.storyboard; sourceTree = "<group>"; };
		37A2F8862B5BA4E20013F59F /* Assets.xcassets */ = {isa = PBXFileReference; lastKnownFileType = folder.assetcatalog; path = Assets.xcassets; sourceTree = "<group>"; };
		37A2F8892B5BA4E20013F59F /* Base */ = {isa = PBXFileReference; lastKnownFileType = file.storyboard; name = Base; path = Base.lproj/LaunchScreen.storyboard; sourceTree = "<group>"; };
		37A2F88B2B5BA4E20013F59F /* Info.plist */ = {isa = PBXFileReference; lastKnownFileType = text.plist.xml; path = Info.plist; sourceTree = "<group>"; };
/* End PBXFileReference section */

/* Begin PBXFrameworksBuildPhase section */
		37A2F8772B5BA4DF0013F59F /* Frameworks */ = {
			isa = PBXFrameworksBuildPhase;
			buildActionMask = 2147483647;
			files = (
				371EF1C82B5C1DFA00DF0F1E /* FirebaseDatabaseSwift in Frameworks */,
				371EF1C22B5C1DFA00DF0F1E /* FirebaseAnalyticsSwift in Frameworks */,
				371EF1C42B5C1DFA00DF0F1E /* FirebaseAuth in Frameworks */,
				371EF1CC2B5C1DFA00DF0F1E /* FirebaseFirestoreSwift in Frameworks */,
				371EF1C62B5C1DFA00DF0F1E /* FirebaseDatabase in Frameworks */,
				371EF1CE2B5C1DFA00DF0F1E /* FirebaseStorage in Frameworks */,
				371EF1C02B5C1DFA00DF0F1E /* FirebaseAnalytics in Frameworks */,
				371EF1CA2B5C1DFA00DF0F1E /* FirebaseFirestore in Frameworks */,
			);
			runOnlyForDeploymentPostprocessing = 0;
		};
/* End PBXFrameworksBuildPhase section */

/* Begin PBXGroup section */
		37A2F8712B5BA4DF0013F59F = {
			isa = PBXGroup;
			children = (
				37A2F87C2B5BA4DF0013F59F /* TikTok-Clone */,
				37A2F87B2B5BA4DF0013F59F /* Products */,
			);
			sourceTree = "<group>";
		};
		37A2F87B2B5BA4DF0013F59F /* Products */ = {
			isa = PBXGroup;
			children = (
				37A2F87A2B5BA4DF0013F59F /* TikTok-Clone.app */,
			);
			name = Products;
			sourceTree = "<group>";
		};
		37A2F87C2B5BA4DF0013F59F /* TikTok-Clone */ = {
			isa = PBXGroup;
			children = (
				37A2F8912B5BA95D0013F59F /* View */,
				37A2F87D2B5BA4DF0013F59F /* AppDelegate.swift */,
				37A2F87F2B5BA4DF0013F59F /* SceneDelegate.swift */,
				37A2F8832B5BA4DF0013F59F /* Main.storyboard */,
				37A2F8862B5BA4E20013F59F /* Assets.xcassets */,
				37A2F8882B5BA4E20013F59F /* LaunchScreen.storyboard */,
				37A2F88B2B5BA4E20013F59F /* Info.plist */,
				371EF1CF2B5C1FA000DF0F1E /* GoogleService-Info.plist */,
			);
			path = "TikTok-Clone";
			sourceTree = "<group>";
		};
		37A2F8912B5BA95D0013F59F /* View */ = {
			isa = PBXGroup;
			children = (
				37A2F8812B5BA4DF0013F59F /* LoginViewController.swift */,
				371EF1B82B5BA9D800DF0F1E /* SignUpViewController.swift */,
				371EF1BA2B5BB1C300DF0F1E /* SignInViewController.swift */,
			);
			path = View;
			sourceTree = "<group>";
		};
/* End PBXGroup section */

/* Begin PBXNativeTarget section */
		37A2F8792B5BA4DF0013F59F /* TikTok-Clone */ = {
			isa = PBXNativeTarget;
			buildConfigurationList = 37A2F88E2B5BA4E20013F59F /* Build configuration list for PBXNativeTarget "TikTok-Clone" */;
			buildPhases = (
				37A2F8762B5BA4DF0013F59F /* Sources */,
				37A2F8772B5BA4DF0013F59F /* Frameworks */,
				37A2F8782B5BA4DF0013F59F /* Resources */,
			);
			buildRules = (
			);
			dependencies = (
			);
			name = "TikTok-Clone";
			packageProductDependencies = (
				371EF1BF2B5C1DFA00DF0F1E /* FirebaseAnalytics */,
				371EF1C12B5C1DFA00DF0F1E /* FirebaseAnalyticsSwift */,
				371EF1C32B5C1DFA00DF0F1E /* FirebaseAuth */,
				371EF1C52B5C1DFA00DF0F1E /* FirebaseDatabase */,
				371EF1C72B5C1DFA00DF0F1E /* FirebaseDatabaseSwift */,
				371EF1C92B5C1DFA00DF0F1E /* FirebaseFirestore */,
				371EF1CB2B5C1DFA00DF0F1E /* FirebaseFirestoreSwift */,
				371EF1CD2B5C1DFA00DF0F1E /* FirebaseStorage */,
			);
			productName = "TikTok-Clone";
			productReference = 37A2F87A2B5BA4DF0013F59F /* TikTok-Clone.app */;
			productType = "com.apple.product-type.application";
		};
/* End PBXNativeTarget section */

/* Begin PBXProject section */
		37A2F8722B5BA4DF0013F59F /* Project object */ = {
			isa = PBXProject;
			attributes = {
				BuildIndependentTargetsInParallel = 1;
				LastSwiftUpdateCheck = 1520;
				LastUpgradeCheck = 1520;
				TargetAttributes = {
					37A2F8792B5BA4DF0013F59F = {
						CreatedOnToolsVersion = 15.2;
					};
				};
			};
			buildConfigurationList = 37A2F8752B5BA4DF0013F59F /* Build configuration list for PBXProject "TikTok-Clone" */;
			compatibilityVersion = "Xcode 14.0";
			developmentRegion = en;
			hasScannedForEncodings = 0;
			knownRegions = (
				en,
				Base,
			);
			mainGroup = 37A2F8712B5BA4DF0013F59F;
			packageReferences = (
				371EF1BE2B5C1DFA00DF0F1E /* XCRemoteSwiftPackageReference "firebase-ios-sdk" */,
			);
			productRefGroup = 37A2F87B2B5BA4DF0013F59F /* Products */;
			projectDirPath = "";
			projectRoot = "";
			targets = (
				37A2F8792B5BA4DF0013F59F /* TikTok-Clone */,
			);
		};
/* End PBXProject section */

/* Begin PBXResourcesBuildPhase section */
		37A2F8782B5BA4DF0013F59F /* Resources */ = {
			isa = PBXResourcesBuildPhase;
			buildActionMask = 2147483647;
			files = (
				37A2F88A2B5BA4E20013F59F /* LaunchScreen.storyboard in Resources */,
				371EF1D02B5C1FA000DF0F1E /* GoogleService-Info.plist in Resources */,
				37A2F8872B5BA4E20013F59F /* Assets.xcassets in Resources */,
				37A2F8852B5BA4DF0013F59F /* Main.storyboard in Resources */,
			);
			runOnlyForDeploymentPostprocessing = 0;
		};
/* End PBXResourcesBuildPhase section */

/* Begin PBXSourcesBuildPhase section */
		37A2F8762B5BA4DF0013F59F /* Sources */ = {
			isa = PBXSourcesBuildPhase;
			buildActionMask = 2147483647;
			files = (
				37A2F8822B5BA4DF0013F59F /* LoginViewController.swift in Sources */,
				37A2F87E2B5BA4DF0013F59F /* AppDelegate.swift in Sources */,
				371EF1B92B5BA9D800DF0F1E /* SignUpViewController.swift in Sources */,
				371EF1BB2B5BB1C300DF0F1E /* SignInViewController.swift in Sources */,
				37A2F8802B5BA4DF0013F59F /* SceneDelegate.swift in Sources */,
			);
			runOnlyForDeploymentPostprocessing = 0;
		};
/* End PBXSourcesBuildPhase section */

/* Begin PBXVariantGroup section */
		37A2F8832B5BA4DF0013F59F /* Main.storyboard */ = {
			isa = PBXVariantGroup;
			children = (
				37A2F8842B5BA4DF0013F59F /* Base */,
			);
			name = Main.storyboard;
			sourceTree = "<group>";
		};
		37A2F8882B5BA4E20013F59F /* LaunchScreen.storyboard */ = {
			isa = PBXVariantGroup;
			children = (
				37A2F8892B5BA4E20013F59F /* Base */,
			);
			name = LaunchScreen.storyboard;
			sourceTree = "<group>";
		};
/* End PBXVariantGroup section */

/* Begin XCBuildConfiguration section */
		37A2F88C2B5BA4E20013F59F /* Debug */ = {
			isa = XCBuildConfiguration;
			buildSettings = {
				ALWAYS_SEARCH_USER_PATHS = NO;
				ASSETCATALOG_COMPILER_GENERATE_SWIFT_ASSET_SYMBOL_EXTENSIONS = YES;
				CLANG_ANALYZER_NONNULL = YES;
				CLANG_ANALYZER_NUMBER_OBJECT_CONVERSION = YES_AGGRESSIVE;
				CLANG_CXX_LANGUAGE_STANDARD = "gnu++20";
				CLANG_ENABLE_MODULES = YES;
				CLANG_ENABLE_OBJC_ARC = YES;
				CLANG_ENABLE_OBJC_WEAK = YES;
				CLANG_WARN_BLOCK_CAPTURE_AUTORELEASING = YES;
				CLANG_WARN_BOOL_CONVERSION = YES;
				CLANG_WARN_COMMA = YES;
				CLANG_WARN_CONSTANT_CONVERSION = YES;
				CLANG_WARN_DEPRECATED_OBJC_IMPLEMENTATIONS = YES;
				CLANG_WARN_DIRECT_OBJC_ISA_USAGE = YES_ERROR;
				CLANG_WARN_DOCUMENTATION_COMMENTS = YES;
				CLANG_WARN_EMPTY_BODY = YES;
				CLANG_WARN_ENUM_CONVERSION = YES;
				CLANG_WARN_INFINITE_RECURSION = YES;
				CLANG_WARN_INT_CONVERSION = YES;
				CLANG_WARN_NON_LITERAL_NULL_CONVERSION = YES;
				CLANG_WARN_OBJC_IMPLICIT_RETAIN_SELF = YES;
				CLANG_WARN_OBJC_LITERAL_CONVERSION = YES;
				CLANG_WARN_OBJC_ROOT_CLASS = YES_ERROR;
				CLANG_WARN_QUOTED_INCLUDE_IN_FRAMEWORK_HEADER = YES;
				CLANG_WARN_RANGE_LOOP_ANALYSIS = YES;
				CLANG_WARN_STRICT_PROTOTYPES = YES;
				CLANG_WARN_SUSPICIOUS_MOVE = YES;
				CLANG_WARN_UNGUARDED_AVAILABILITY = YES_AGGRESSIVE;
				CLANG_WARN_UNREACHABLE_CODE = YES;
				CLANG_WARN__DUPLICATE_METHOD_MATCH = YES;
				COPY_PHASE_STRIP = NO;
				DEBUG_INFORMATION_FORMAT = dwarf;
				ENABLE_STRICT_OBJC_MSGSEND = YES;
				ENABLE_TESTABILITY = YES;
				ENABLE_USER_SCRIPT_SANDBOXING = YES;
				GCC_C_LANGUAGE_STANDARD = gnu17;
				GCC_DYNAMIC_NO_PIC = NO;
				GCC_NO_COMMON_BLOCKS = YES;
				GCC_OPTIMIZATION_LEVEL = 0;
				GCC_PREPROCESSOR_DEFINITIONS = (
					"DEBUG=1",
					"$(inherited)",
				);
				GCC_WARN_64_TO_32_BIT_CONVERSION = YES;
				GCC_WARN_ABOUT_RETURN_TYPE = YES_ERROR;
				GCC_WARN_UNDECLARED_SELECTOR = YES;
				GCC_WARN_UNINITIALIZED_AUTOS = YES_AGGRESSIVE;
				GCC_WARN_UNUSED_FUNCTION = YES;
				GCC_WARN_UNUSED_VARIABLE = YES;
				IPHONEOS_DEPLOYMENT_TARGET = 17.2;
				LOCALIZATION_PREFERS_STRING_CATALOGS = YES;
				MTL_ENABLE_DEBUG_INFO = INCLUDE_SOURCE;
				MTL_FAST_MATH = YES;
				ONLY_ACTIVE_ARCH = YES;
				SDKROOT = iphoneos;
				SWIFT_ACTIVE_COMPILATION_CONDITIONS = "DEBUG $(inherited)";
				SWIFT_OPTIMIZATION_LEVEL = "-Onone";
			};
			name = Debug;
		};
		37A2F88D2B5BA4E20013F59F /* Release */ = {
			isa = XCBuildConfiguration;
			buildSettings = {
				ALWAYS_SEARCH_USER_PATHS = NO;
				ASSETCATALOG_COMPILER_GENERATE_SWIFT_ASSET_SYMBOL_EXTENSIONS = YES;
				CLANG_ANALYZER_NONNULL = YES;
				CLANG_ANALYZER_NUMBER_OBJECT_CONVERSION = YES_AGGRESSIVE;
				CLANG_CXX_LANGUAGE_STANDARD = "gnu++20";
				CLANG_ENABLE_MODULES = YES;
				CLANG_ENABLE_OBJC_ARC = YES;
				CLANG_ENABLE_OBJC_WEAK = YES;
				CLANG_WARN_BLOCK_CAPTURE_AUTORELEASING = YES;
				CLANG_WARN_BOOL_CONVERSION = YES;
				CLANG_WARN_COMMA = YES;
				CLANG_WARN_CONSTANT_CONVERSION = YES;
				CLANG_WARN_DEPRECATED_OBJC_IMPLEMENTATIONS = YES;
				CLANG_WARN_DIRECT_OBJC_ISA_USAGE = YES_ERROR;
				CLANG_WARN_DOCUMENTATION_COMMENTS = YES;
				CLANG_WARN_EMPTY_BODY = YES;
				CLANG_WARN_ENUM_CONVERSION = YES;
				CLANG_WARN_INFINITE_RECURSION = YES;
				CLANG_WARN_INT_CONVERSION = YES;
				CLANG_WARN_NON_LITERAL_NULL_CONVERSION = YES;
				CLANG_WARN_OBJC_IMPLICIT_RETAIN_SELF = YES;
				CLANG_WARN_OBJC_LITERAL_CONVERSION = YES;
				CLANG_WARN_OBJC_ROOT_CLASS = YES_ERROR;
				CLANG_WARN_QUOTED_INCLUDE_IN_FRAMEWORK_HEADER = YES;
				CLANG_WARN_RANGE_LOOP_ANALYSIS = YES;
				CLANG_WARN_STRICT_PROTOTYPES = YES;
				CLANG_WARN_SUSPICIOUS_MOVE = YES;
				CLANG_WARN_UNGUARDED_AVAILABILITY = YES_AGGRESSIVE;
				CLANG_WARN_UNREACHABLE_CODE = YES;
				CLANG_WARN__DUPLICATE_METHOD_MATCH = YES;
				COPY_PHASE_STRIP = NO;
				DEBUG_INFORMATION_FORMAT = "dwarf-with-dsym";
				ENABLE_NS_ASSERTIONS = NO;
				ENABLE_STRICT_OBJC_MSGSEND = YES;
				ENABLE_USER_SCRIPT_SANDBOXING = YES;
				GCC_C_LANGUAGE_STANDARD = gnu17;
				GCC_NO_COMMON_BLOCKS = YES;
				GCC_WARN_64_TO_32_BIT_CONVERSION = YES;
				GCC_WARN_ABOUT_RETURN_TYPE = YES_ERROR;
				GCC_WARN_UNDECLARED_SELECTOR = YES;
				GCC_WARN_UNINITIALIZED_AUTOS = YES_AGGRESSIVE;
				GCC_WARN_UNUSED_FUNCTION = YES;
				GCC_WARN_UNUSED_VARIABLE = YES;
				IPHONEOS_DEPLOYMENT_TARGET = 17.2;
				LOCALIZATION_PREFERS_STRING_CATALOGS = YES;
				MTL_ENABLE_DEBUG_INFO = NO;
				MTL_FAST_MATH = YES;
				SDKROOT = iphoneos;
				SWIFT_COMPILATION_MODE = wholemodule;
				VALIDATE_PRODUCT = YES;
			};
			name = Release;
		};
		37A2F88F2B5BA4E20013F59F /* Debug */ = {
			isa = XCBuildConfiguration;
			buildSettings = {
				ASSETCATALOG_COMPILER_APPICON_NAME = AppIcon;
				ASSETCATALOG_COMPILER_GLOBAL_ACCENT_COLOR_NAME = AccentColor;
				CODE_SIGN_STYLE = Automatic;
				CURRENT_PROJECT_VERSION = 1;
				DEVELOPMENT_TEAM = 7YM75J8UJJ;
				GENERATE_INFOPLIST_FILE = YES;
				INFOPLIST_FILE = "TikTok-Clone/Info.plist";
				INFOPLIST_KEY_UIApplicationSupportsIndirectInputEvents = YES;
				INFOPLIST_KEY_UILaunchStoryboardName = LaunchScreen;
				INFOPLIST_KEY_UIMainStoryboardFile = Main;
				INFOPLIST_KEY_UISupportedInterfaceOrientations = UIInterfaceOrientationPortrait;
				INFOPLIST_KEY_UISupportedInterfaceOrientations_iPad = "UIInterfaceOrientationLandscapeLeft UIInterfaceOrientationLandscapeRight UIInterfaceOrientationPortrait UIInterfaceOrientationPortraitUpsideDown";
				IPHONEOS_DEPLOYMENT_TARGET = 16.0;
				LD_RUNPATH_SEARCH_PATHS = (
					"$(inherited)",
					"@executable_path/Frameworks",
				);
				MARKETING_VERSION = 1.0;
				PRODUCT_BUNDLE_IDENTIFIER = "com.chul.TikTok-Clone";
				PRODUCT_NAME = "$(TARGET_NAME)";
				SUPPORTED_PLATFORMS = "iphoneos iphonesimulator";
				SUPPORTS_MACCATALYST = NO;
				SUPPORTS_MAC_DESIGNED_FOR_IPHONE_IPAD = NO;
				SUPPORTS_XR_DESIGNED_FOR_IPHONE_IPAD = NO;
				SWIFT_EMIT_LOC_STRINGS = YES;
				SWIFT_VERSION = 5.0;
				TARGETED_DEVICE_FAMILY = 1;
			};
			name = Debug;
		};
		37A2F8902B5BA4E20013F59F /* Release */ = {
			isa = XCBuildConfiguration;
			buildSettings = {
				ASSETCATALOG_COMPILER_APPICON_NAME = AppIcon;
				ASSETCATALOG_COMPILER_GLOBAL_ACCENT_COLOR_NAME = AccentColor;
				CODE_SIGN_STYLE = Automatic;
				CURRENT_PROJECT_VERSION = 1;
				DEVELOPMENT_TEAM = 7YM75J8UJJ;
				GENERATE_INFOPLIST_FILE = YES;
				INFOPLIST_FILE = "TikTok-Clone/Info.plist";
				INFOPLIST_KEY_UIApplicationSupportsIndirectInputEvents = YES;
				INFOPLIST_KEY_UILaunchStoryboardName = LaunchScreen;
				INFOPLIST_KEY_UIMainStoryboardFile = Main;
				INFOPLIST_KEY_UISupportedInterfaceOrientations = UIInterfaceOrientationPortrait;
				INFOPLIST_KEY_UISupportedInterfaceOrientations_iPad = "UIInterfaceOrientationLandscapeLeft UIInterfaceOrientationLandscapeRight UIInterfaceOrientationPortrait UIInterfaceOrientationPortraitUpsideDown";
				IPHONEOS_DEPLOYMENT_TARGET = 16.0;
				LD_RUNPATH_SEARCH_PATHS = (
					"$(inherited)",
					"@executable_path/Frameworks",
				);
				MARKETING_VERSION = 1.0;
				PRODUCT_BUNDLE_IDENTIFIER = "com.chul.TikTok-Clone";
				PRODUCT_NAME = "$(TARGET_NAME)";
				SUPPORTED_PLATFORMS = "iphoneos iphonesimulator";
				SUPPORTS_MACCATALYST = NO;
				SUPPORTS_MAC_DESIGNED_FOR_IPHONE_IPAD = NO;
				SUPPORTS_XR_DESIGNED_FOR_IPHONE_IPAD = NO;
				SWIFT_EMIT_LOC_STRINGS = YES;
				SWIFT_VERSION = 5.0;
				TARGETED_DEVICE_FAMILY = 1;
			};
			name = Release;
		};
/* End XCBuildConfiguration section */

/* Begin XCConfigurationList section */
		37A2F8752B5BA4DF0013F59F /* Build configuration list for PBXProject "TikTok-Clone" */ = {
			isa = XCConfigurationList;
			buildConfigurations = (
				37A2F88C2B5BA4E20013F59F /* Debug */,
				37A2F88D2B5BA4E20013F59F /* Release */,
			);
			defaultConfigurationIsVisible = 0;
			defaultConfigurationName = Release;
		};
		37A2F88E2B5BA4E20013F59F /* Build configuration list for PBXNativeTarget "TikTok-Clone" */ = {
			isa = XCConfigurationList;
			buildConfigurations = (
				37A2F88F2B5BA4E20013F59F /* Debug */,
				37A2F8902B5BA4E20013F59F /* Release */,
			);
			defaultConfigurationIsVisible = 0;
			defaultConfigurationName = Release;
		};
/* End XCConfigurationList section */

/* Begin XCRemoteSwiftPackageReference section */
		371EF1BE2B5C1DFA00DF0F1E /* XCRemoteSwiftPackageReference "firebase-ios-sdk" */ = {
			isa = XCRemoteSwiftPackageReference;
			repositoryURL = "https://github.com/firebase/firebase-ios-sdk";
			requirement = {
				kind = upToNextMajorVersion;
				minimumVersion = 10.20.0;
			};
		};
/* End XCRemoteSwiftPackageReference section */

/* Begin XCSwiftPackageProductDependency section */
		371EF1BF2B5C1DFA00DF0F1E /* FirebaseAnalytics */ = {
			isa = XCSwiftPackageProductDependency;
			package = 371EF1BE2B5C1DFA00DF0F1E /* XCRemoteSwiftPackageReference "firebase-ios-sdk" */;
			productName = FirebaseAnalytics;
		};
		371EF1C12B5C1DFA00DF0F1E /* FirebaseAnalyticsSwift */ = {
			isa = XCSwiftPackageProductDependency;
			package = 371EF1BE2B5C1DFA00DF0F1E /* XCRemoteSwiftPackageReference "firebase-ios-sdk" */;
			productName = FirebaseAnalyticsSwift;
		};
		371EF1C32B5C1DFA00DF0F1E /* FirebaseAuth */ = {
			isa = XCSwiftPackageProductDependency;
			package = 371EF1BE2B5C1DFA00DF0F1E /* XCRemoteSwiftPackageReference "firebase-ios-sdk" */;
			productName = FirebaseAuth;
		};
		371EF1C52B5C1DFA00DF0F1E /* FirebaseDatabase */ = {
			isa = XCSwiftPackageProductDependency;
			package = 371EF1BE2B5C1DFA00DF0F1E /* XCRemoteSwiftPackageReference "firebase-ios-sdk" */;
			productName = FirebaseDatabase;
		};
		371EF1C72B5C1DFA00DF0F1E /* FirebaseDatabaseSwift */ = {
			isa = XCSwiftPackageProductDependency;
			package = 371EF1BE2B5C1DFA00DF0F1E /* XCRemoteSwiftPackageReference "firebase-ios-sdk" */;
			productName = FirebaseDatabaseSwift;
		};
		371EF1C92B5C1DFA00DF0F1E /* FirebaseFirestore */ = {
			isa = XCSwiftPackageProductDependency;
			package = 371EF1BE2B5C1DFA00DF0F1E /* XCRemoteSwiftPackageReference "firebase-ios-sdk" */;
			productName = FirebaseFirestore;
		};
		371EF1CB2B5C1DFA00DF0F1E /* FirebaseFirestoreSwift */ = {
			isa = XCSwiftPackageProductDependency;
			package = 371EF1BE2B5C1DFA00DF0F1E /* XCRemoteSwiftPackageReference "firebase-ios-sdk" */;
			productName = FirebaseFirestoreSwift;
		};
		371EF1CD2B5C1DFA00DF0F1E /* FirebaseStorage */ = {
			isa = XCSwiftPackageProductDependency;
			package = 371EF1BE2B5C1DFA00DF0F1E /* XCRemoteSwiftPackageReference "firebase-ios-sdk" */;
			productName = FirebaseStorage;
		};
/* End XCSwiftPackageProductDependency section */
	};
	rootObject = 37A2F8722B5BA4DF0013F59F /* Project object */;
}
